[[package]]
name = "certifi"
version = "2022.5.18.1"
requires_python = ">=3.6"
summary = "Python package for providing Mozilla's CA Bundle."

[[package]]
name = "charset-normalizer"
version = "2.0.12"
requires_python = ">=3.5.0"
summary = "The Real First Universal Charset Detector. Open, modern and actively maintained alternative to Chardet."

[[package]]
name = "colorama"
version = "0.4.4"
requires_python = ">=2.7, !=3.0.*, !=3.1.*, !=3.2.*, !=3.3.*, !=3.4.*"
summary = "Cross-platform colored terminal text."

[[package]]
name = "cycler"
version = "0.11.0"
requires_python = ">=3.6"
summary = "Composable style cycles"

[[package]]
name = "fonttools"
version = "4.33.3"
requires_python = ">=3.7"
summary = "Tools to manipulate font files"

[[package]]
name = "idna"
version = "3.3"
requires_python = ">=3.5"
summary = "Internationalized Domain Names in Applications (IDNA)"

[[package]]
name = "joblib"
version = "1.1.0"
requires_python = ">=3.6"
summary = "Lightweight pipelining with Python functions"

[[package]]
name = "kiwisolver"
version = "1.4.2"
requires_python = ">=3.7"
summary = "A fast implementation of the Cassowary constraint solver"

[[package]]
name = "llvmlite"
version = "0.39.0.dev0+61.gf27ac6f"
requires_python = ">=3.7,<3.11"
summary = "lightweight wrapper around basic LLVM functionality"

[[package]]
name = "matplotlib"
version = "3.5.2"
requires_python = ">=3.7"
summary = "Python plotting package"
dependencies = [
    "cycler>=0.10",
    "fonttools>=4.22.0",
    "kiwisolver>=1.0.1",
    "numpy>=1.17",
    "packaging>=20.0",
    "pillow>=6.2.0",
    "pyparsing>=2.2.1",
    "python-dateutil>=2.7",
]

[[package]]
name = "networkx"
version = "2.8.2"
requires_python = ">=3.8"
summary = "Python package for creating and manipulating graphs and networks"

[[package]]
name = "numba"
version = "0.56.0.dev0+418.g637a75023"
requires_python = ">=3.7,<3.11"
summary = "compiling Python code using LLVM"
dependencies = [
    "llvmlite<0.40,>=0.39.0dev0",
    "numpy>=1.18",
    "setuptools",
]

[[package]]
name = "numba-progress"
version = "0.0.2"
requires_python = ">=3.6"
summary = "A progress bar implementation for numba functions using tqdm"
dependencies = [
    "numba>=0.52",
    "numpy",
    "tqdm",
]

[[package]]
name = "numpy"
version = "1.21.6"
requires_python = ">=3.8"
summary = "NumPy is the fundamental package for array computing with Python."

[[package]]
name = "packaging"
version = "21.3"
requires_python = ">=3.6"
summary = "Core utilities for Python packages"
dependencies = [
    "pyparsing!=3.0.5,>=2.0.2",
]

[[package]]
name = "pillow"
version = "9.1.1"
requires_python = ">=3.7"
summary = "Python Imaging Library (Fork)"

[[package]]
name = "pyparsing"
version = "3.0.9"
requires_python = ">=3.6.8"
summary = "pyparsing module - Classes and methods to define and execute parsing grammars"

[[package]]
name = "pyproj"
version = "3.3.1"
requires_python = ">=3.8"
summary = "Python interface to PROJ (cartographic projections and coordinate transformations library)"
dependencies = [
    "certifi",
]

[[package]]
name = "python-dateutil"
version = "2.8.2"
requires_python = "!=3.0.*,!=3.1.*,!=3.2.*,>=2.7"
summary = "Extensions to the standard Python datetime module"
dependencies = [
    "six>=1.5",
]

[[package]]
name = "requests"
version = "2.27.1"
requires_python = ">=2.7, !=3.0.*, !=3.1.*, !=3.2.*, !=3.3.*, !=3.4.*, !=3.5.*"
summary = "Python HTTP for Humans."
dependencies = [
    "certifi>=2017.4.17",
    "charset-normalizer~=2.0.0; python_version >= \"3\"",
    "idna<4,>=2.5; python_version >= \"3\"",
    "urllib3<1.27,>=1.21.1",
]

[[package]]
name = "scikit-learn"
version = "1.1.1"
requires_python = ">=3.8"
summary = "A set of python modules for machine learning and data mining"
dependencies = [
    "joblib>=1.0.0",
    "numpy>=1.17.3",
    "scipy>=1.3.2",
    "threadpoolctl>=2.0.0",
]

[[package]]
name = "scipy"
version = "1.8.1"
requires_python = ">=3.8,<3.11"
summary = "SciPy: Scientific Library for Python"
dependencies = [
    "numpy<1.25.0,>=1.17.3",
]

[[package]]
name = "setuptools"
version = "62.3.2"
requires_python = ">=3.7"
summary = "Easily download, build, install, upgrade, and uninstall Python packages"

[[package]]
name = "shapely"
version = "1.8.2"
requires_python = ">=3.6"
summary = "Geometric objects, predicates, and operations"

[[package]]
name = "six"
version = "1.16.0"
requires_python = ">=2.7, !=3.0.*, !=3.1.*, !=3.2.*"
summary = "Python 2 and 3 compatibility utilities"

[[package]]
name = "threadpoolctl"
version = "3.1.0"
requires_python = ">=3.6"
summary = "threadpoolctl"

[[package]]
name = "tqdm"
version = "4.64.0"
requires_python = "!=3.0.*,!=3.1.*,!=3.2.*,!=3.3.*,>=2.7"
summary = "Fast, Extensible Progress Meter"
dependencies = [
    "colorama; platform_system == \"Windows\"",
]

[[package]]
name = "urllib3"
version = "1.26.9"
requires_python = ">=2.7, !=3.0.*, !=3.1.*, !=3.2.*, !=3.3.*, !=3.4.*, <4"
summary = "HTTP library with thread-safe connection pooling, file post, and more."

[[package]]
name = "utm"
version = "0.7.0"
summary = "Bidirectional UTM-WGS84 converter for python"

[metadata]
lock_version = "3.1"
content_hash = "sha256:6ad137043f51345c56f299b5e901f67d366151cd67b586ebb5cb0b81a1bedade"

[metadata.files]
"certifi 2022.5.18.1" = [
    {file = "certifi-2022.5.18.1-py3-none-any.whl", hash = "sha256:f1d53542ee8cbedbe2118b5686372fb33c297fcd6379b050cca0ef13a597382a"},
    {file = "certifi-2022.5.18.1.tar.gz", hash = "sha256:9c5705e395cd70084351dd8ad5c41e65655e08ce46f2ec9cf6c2c08390f71eb7"},
]
"charset-normalizer 2.0.12" = [
    {file = "charset_normalizer-2.0.12-py3-none-any.whl", hash = "sha256:6881edbebdb17b39b4eaaa821b438bf6eddffb4468cf344f09f89def34a8b1df"},
    {file = "charset-normalizer-2.0.12.tar.gz", hash = "sha256:2857e29ff0d34db842cd7ca3230549d1a697f96ee6d3fb071cfa6c7393832597"},
]
"colorama 0.4.4" = [
    {file = "colorama-0.4.4-py2.py3-none-any.whl", hash = "sha256:9f47eda37229f68eee03b24b9748937c7dc3868f906e8ba69fbcbdd3bc5dc3e2"},
    {file = "colorama-0.4.4.tar.gz", hash = "sha256:5941b2b48a20143d2267e95b1c2a7603ce057ee39fd88e7329b0c292aa16869b"},
]
"cycler 0.11.0" = [
    {file = "cycler-0.11.0-py3-none-any.whl", hash = "sha256:3a27e95f763a428a739d2add979fa7494c912a32c17c4c38c4d5f082cad165a3"},
    {file = "cycler-0.11.0.tar.gz", hash = "sha256:9c87405839a19696e837b3b818fed3f5f69f16f1eec1a1ad77e043dcea9c772f"},
]
"fonttools 4.33.3" = [
    {file = "fonttools-4.33.3-py3-none-any.whl", hash = "sha256:f829c579a8678fa939a1d9e9894d01941db869de44390adb49ce67055a06cc2a"},
    {file = "fonttools-4.33.3.zip", hash = "sha256:c0fdcfa8ceebd7c1b2021240bd46ef77aa8e7408cf10434be55df52384865f8e"},
]
"idna 3.3" = [
    {file = "idna-3.3-py3-none-any.whl", hash = "sha256:84d9dd047ffa80596e0f246e2eab0b391788b0503584e8945f2368256d2735ff"},
    {file = "idna-3.3.tar.gz", hash = "sha256:9d643ff0a55b762d5cdb124b8eaa99c66322e2157b69160bc32796e824360e6d"},
]
"joblib 1.1.0" = [
    {file = "joblib-1.1.0-py2.py3-none-any.whl", hash = "sha256:f21f109b3c7ff9d95f8387f752d0d9c34a02aa2f7060c2135f465da0e5160ff6"},
    {file = "joblib-1.1.0.tar.gz", hash = "sha256:4158fcecd13733f8be669be0683b96ebdbbd38d23559f54dca7205aea1bf1e35"},
]
"kiwisolver 1.4.2" = [
    {file = "kiwisolver-1.4.2-cp310-cp310-macosx_10_9_universal2.whl", hash = "sha256:6e395ece147f0692ca7cdb05a028d31b83b72c369f7b4a2c1798f4b96af1e3d8"},
    {file = "kiwisolver-1.4.2-cp310-cp310-macosx_10_9_x86_64.whl", hash = "sha256:0b7f50a1a25361da3440f07c58cd1d79957c2244209e4f166990e770256b6b0b"},
    {file = "kiwisolver-1.4.2-cp310-cp310-macosx_11_0_arm64.whl", hash = "sha256:3c032c41ae4c3a321b43a3650e6ecc7406b99ff3e5279f24c9b310f41bc98479"},
    {file = "kiwisolver-1.4.2-cp310-cp310-manylinux_2_12_i686.manylinux2010_i686.whl", hash = "sha256:1dcade8f6fe12a2bb4efe2cbe22116556e3b6899728d3b2a0d3b367db323eacc"},
    {file = "kiwisolver-1.4.2-cp310-cp310-manylinux_2_12_x86_64.manylinux2010_x86_64.whl", hash = "sha256:0e45e780a74416ef2f173189ef4387e44b5494f45e290bcb1f03735faa6779bf"},
    {file = "kiwisolver-1.4.2-cp310-cp310-manylinux_2_17_aarch64.manylinux2014_aarch64.whl", hash = "sha256:9d2bb56309fb75a811d81ed55fbe2208aa77a3a09ff5f546ca95e7bb5fac6eff"},
    {file = "kiwisolver-1.4.2-cp310-cp310-manylinux_2_17_ppc64le.manylinux2014_ppc64le.whl", hash = "sha256:69b2d6c12f2ad5f55104a36a356192cfb680c049fe5e7c1f6620fc37f119cdc2"},
    {file = "kiwisolver-1.4.2-cp310-cp310-manylinux_2_17_s390x.manylinux2014_s390x.whl", hash = "sha256:262c248c60f22c2b547683ad521e8a3db5909c71f679b93876921549107a0c24"},
    {file = "kiwisolver-1.4.2-cp310-cp310-win32.whl", hash = "sha256:1008346a7741620ab9cc6c96e8ad9b46f7a74ce839dbb8805ddf6b119d5fc6c2"},
    {file = "kiwisolver-1.4.2-cp310-cp310-win_amd64.whl", hash = "sha256:6ece2e12e4b57bc5646b354f436416cd2a6f090c1dadcd92b0ca4542190d7190"},
    {file = "kiwisolver-1.4.2-cp37-cp37m-macosx_10_9_x86_64.whl", hash = "sha256:b978afdb913ca953cf128d57181da2e8798e8b6153be866ae2a9c446c6162f40"},
    {file = "kiwisolver-1.4.2-cp37-cp37m-manylinux_2_17_aarch64.manylinux2014_aarch64.whl", hash = "sha256:7f88c4b8e449908eeddb3bbd4242bd4dc2c7a15a7aa44bb33df893203f02dc2d"},
    {file = "kiwisolver-1.4.2-cp37-cp37m-manylinux_2_17_ppc64le.manylinux2014_ppc64le.whl", hash = "sha256:e348f1904a4fab4153407f7ccc27e43b2a139752e8acf12e6640ba683093dd96"},
    {file = "kiwisolver-1.4.2-cp37-cp37m-manylinux_2_17_s390x.manylinux2014_s390x.whl", hash = "sha256:c839bf28e45d7ddad4ae8f986928dbf5a6d42ff79760d54ec8ada8fb263e097c"},
    {file = "kiwisolver-1.4.2-cp37-cp37m-manylinux_2_5_i686.manylinux1_i686.whl", hash = "sha256:8ae5a071185f1a93777c79a9a1e67ac46544d4607f18d07131eece08d415083a"},
    {file = "kiwisolver-1.4.2-cp37-cp37m-manylinux_2_5_x86_64.manylinux1_x86_64.whl", hash = "sha256:c222f91a45da9e01a9bc4f760727ae49050f8e8345c4ff6525495f7a164c8973"},
    {file = "kiwisolver-1.4.2-cp37-cp37m-win32.whl", hash = "sha256:a4e8f072db1d6fb7a7cc05a6dbef8442c93001f4bb604f1081d8c2db3ca97159"},
    {file = "kiwisolver-1.4.2-cp37-cp37m-win_amd64.whl", hash = "sha256:be9a650890fb60393e60aacb65878c4a38bb334720aa5ecb1c13d0dac54dd73b"},
    {file = "kiwisolver-1.4.2-cp38-cp38-macosx_10_9_universal2.whl", hash = "sha256:8ec2e55bf31b43aabe32089125dca3b46fdfe9f50afbf0756ae11e14c97b80ca"},
    {file = "kiwisolver-1.4.2-cp38-cp38-macosx_10_9_x86_64.whl", hash = "sha256:1d1078ba770d6165abed3d9a1be1f9e79b61515de1dd00d942fa53bba79f01ae"},
    {file = "kiwisolver-1.4.2-cp38-cp38-macosx_11_0_arm64.whl", hash = "sha256:cbb5eb4a2ea1ffec26268d49766cafa8f957fe5c1b41ad00733763fae77f9436"},
    {file = "kiwisolver-1.4.2-cp38-cp38-manylinux_2_17_aarch64.manylinux2014_aarch64.whl", hash = "sha256:2e6cda72db409eefad6b021e8a4f964965a629f577812afc7860c69df7bdb84a"},
    {file = "kiwisolver-1.4.2-cp38-cp38-manylinux_2_17_ppc64le.manylinux2014_ppc64le.whl", hash = "sha256:b1605c7c38cc6a85212dfd6a641f3905a33412e49f7c003f35f9ac6d71f67720"},
    {file = "kiwisolver-1.4.2-cp38-cp38-manylinux_2_17_s390x.manylinux2014_s390x.whl", hash = "sha256:81237957b15469ea9151ec8ca08ce05656090ffabc476a752ef5ad7e2644c526"},
    {file = "kiwisolver-1.4.2-cp38-cp38-manylinux_2_5_i686.manylinux1_i686.whl", hash = "sha256:240009fdf4fa87844f805e23f48995537a8cb8f8c361e35fda6b5ac97fcb906f"},
    {file = "kiwisolver-1.4.2-cp38-cp38-manylinux_2_5_x86_64.manylinux1_x86_64.whl", hash = "sha256:240c2d51d098395c012ddbcb9bd7b3ba5de412a1d11840698859f51d0e643c4f"},
    {file = "kiwisolver-1.4.2-cp38-cp38-win32.whl", hash = "sha256:8b6086aa6936865962b2cee0e7aaecf01ab6778ce099288354a7229b4d9f1408"},
    {file = "kiwisolver-1.4.2-cp38-cp38-win_amd64.whl", hash = "sha256:0d98dca86f77b851350c250f0149aa5852b36572514d20feeadd3c6b1efe38d0"},
    {file = "kiwisolver-1.4.2-cp39-cp39-macosx_10_9_universal2.whl", hash = "sha256:91eb4916271655dfe3a952249cb37a5c00b6ba68b4417ee15af9ba549b5ba61d"},
    {file = "kiwisolver-1.4.2-cp39-cp39-macosx_10_9_x86_64.whl", hash = "sha256:fa4d97d7d2b2c082e67907c0b8d9f31b85aa5d3ba0d33096b7116f03f8061261"},
    {file = "kiwisolver-1.4.2-cp39-cp39-macosx_11_0_arm64.whl", hash = "sha256:71469b5845b9876b8d3d252e201bef6f47bf7456804d2fbe9a1d6e19e78a1e65"},
    {file = "kiwisolver-1.4.2-cp39-cp39-manylinux_2_12_i686.manylinux2010_i686.whl", hash = "sha256:8ff3033e43e7ca1389ee59fb7ecb8303abb8713c008a1da49b00869e92e3dd7c"},
    {file = "kiwisolver-1.4.2-cp39-cp39-manylinux_2_12_x86_64.manylinux2010_x86_64.whl", hash = "sha256:89b57c2984f4464840e4b768affeff6b6809c6150d1166938ade3e22fbe22db8"},
    {file = "kiwisolver-1.4.2-cp39-cp39-manylinux_2_17_aarch64.manylinux2014_aarch64.whl", hash = "sha256:ffbdb9a96c536f0405895b5e21ee39ec579cb0ed97bdbd169ae2b55f41d73219"},
    {file = "kiwisolver-1.4.2-cp39-cp39-manylinux_2_17_ppc64le.manylinux2014_ppc64le.whl", hash = "sha256:8a830a03970c462d1a2311c90e05679da56d3bd8e78a4ba9985cb78ef7836c9f"},
    {file = "kiwisolver-1.4.2-cp39-cp39-manylinux_2_17_s390x.manylinux2014_s390x.whl", hash = "sha256:f74f2a13af201559e3d32b9ddfc303c94ae63d63d7f4326d06ce6fe67e7a8255"},
    {file = "kiwisolver-1.4.2-cp39-cp39-win32.whl", hash = "sha256:e677cc3626287f343de751e11b1e8a5b915a6ac897e8aecdbc996cd34de753a0"},
    {file = "kiwisolver-1.4.2-cp39-cp39-win_amd64.whl", hash = "sha256:b3e251e5c38ac623c5d786adb21477f018712f8c6fa54781bd38aa1c60b60fc2"},
    {file = "kiwisolver-1.4.2-pp37-pypy37_pp73-manylinux_2_12_i686.manylinux2010_i686.whl", hash = "sha256:0c380bb5ae20d829c1a5473cfcae64267b73aaa4060adc091f6df1743784aae0"},
    {file = "kiwisolver-1.4.2-pp37-pypy37_pp73-manylinux_2_12_x86_64.manylinux2010_x86_64.whl", hash = "sha256:484f2a5f0307bc944bc79db235f41048bae4106ffa764168a068d88b644b305d"},
    {file = "kiwisolver-1.4.2-pp37-pypy37_pp73-manylinux_2_17_aarch64.manylinux2014_aarch64.whl", hash = "sha256:0e8afdf533b613122e4bbaf3c1e42c2a5e9e2d1dd3a0a017749a7658757cb377"},
    {file = "kiwisolver-1.4.2-pp37-pypy37_pp73-win_amd64.whl", hash = "sha256:42f6ef9b640deb6f7d438e0a371aedd8bef6ddfde30683491b2e6f568b4e884e"},
    {file = "kiwisolver-1.4.2.tar.gz", hash = "sha256:7f606d91b8a8816be476513a77fd30abe66227039bd6f8b406c348cb0247dcc9"},
]
"llvmlite 0.39.0.dev0+61.gf27ac6f" = [
    {file = "llvmlite-0.39.0.dev0+61.gf27ac6f-cp310-cp310-macosx_11_0_arm64.whl", hash = "sha256:53e3077ea6df3445e5ecc9d23ce03cc0db28b1b35afc2a899409f2c0f4fc14cd"},
    {file = "llvmlite-0.39.0.dev0+61.gf27ac6f-cp38-cp38-macosx_11_0_arm64.whl", hash = "sha256:fc7014b4978cdeeb2010730ccbabe2caf4289dd175bcad53096f909e0306300a"},
    {file = "llvmlite-0.39.0.dev0+61.gf27ac6f-cp39-cp39-macosx_11_0_arm64.whl", hash = "sha256:ff749d32c5be606ef5204dbd2dfcb7b3f6060ceb85f7f64e0772475947c73d30"},
]
"matplotlib 3.5.2" = [
    {file = "matplotlib-3.5.2-cp310-cp310-macosx_10_9_universal2.whl", hash = "sha256:03bbb3f5f78836855e127b5dab228d99551ad0642918ccbf3067fcd52ac7ac5e"},
    {file = "matplotlib-3.5.2-cp310-cp310-macosx_10_9_x86_64.whl", hash = "sha256:49a5938ed6ef9dda560f26ea930a2baae11ea99e1c2080c8714341ecfda72a89"},
    {file = "matplotlib-3.5.2-cp310-cp310-macosx_11_0_arm64.whl", hash = "sha256:77157be0fc4469cbfb901270c205e7d8adb3607af23cef8bd11419600647ceed"},
    {file = "matplotlib-3.5.2-cp310-cp310-manylinux_2_17_aarch64.manylinux2014_aarch64.whl", hash = "sha256:5844cea45d804174bf0fac219b4ab50774e504bef477fc10f8f730ce2d623441"},
    {file = "matplotlib-3.5.2-cp310-cp310-manylinux_2_17_i686.manylinux2014_i686.whl", hash = "sha256:c87973ddec10812bddc6c286b88fdd654a666080fbe846a1f7a3b4ba7b11ab78"},
    {file = "matplotlib-3.5.2-cp310-cp310-manylinux_2_17_x86_64.manylinux2014_x86_64.whl", hash = "sha256:4a05f2b37222319753a5d43c0a4fd97ed4ff15ab502113e3f2625c26728040cf"},
    {file = "matplotlib-3.5.2-cp310-cp310-win32.whl", hash = "sha256:9776e1a10636ee5f06ca8efe0122c6de57ffe7e8c843e0fb6e001e9d9256ec95"},
    {file = "matplotlib-3.5.2-cp310-cp310-win_amd64.whl", hash = "sha256:b4fedaa5a9aa9ce14001541812849ed1713112651295fdddd640ea6620e6cf98"},
    {file = "matplotlib-3.5.2-cp37-cp37m-macosx_10_9_x86_64.whl", hash = "sha256:ee175a571e692fc8ae8e41ac353c0e07259113f4cb063b0ec769eff9717e84bb"},
    {file = "matplotlib-3.5.2-cp37-cp37m-manylinux_2_17_aarch64.manylinux2014_aarch64.whl", hash = "sha256:2e8bda1088b941ead50caabd682601bece983cadb2283cafff56e8fcddbf7d7f"},
    {file = "matplotlib-3.5.2-cp37-cp37m-manylinux_2_5_i686.manylinux1_i686.whl", hash = "sha256:9480842d5aadb6e754f0b8f4ebeb73065ac8be1855baa93cd082e46e770591e9"},
    {file = "matplotlib-3.5.2-cp37-cp37m-manylinux_2_5_x86_64.manylinux1_x86_64.whl", hash = "sha256:6c623b355d605a81c661546af7f24414165a8a2022cddbe7380a31a4170fa2e9"},
    {file = "matplotlib-3.5.2-cp37-cp37m-win32.whl", hash = "sha256:a91426ae910819383d337ba0dc7971c7cefdaa38599868476d94389a329e599b"},
    {file = "matplotlib-3.5.2-cp37-cp37m-win_amd64.whl", hash = "sha256:c4b82c2ae6d305fcbeb0eb9c93df2602ebd2f174f6e8c8a5d92f9445baa0c1d3"},
    {file = "matplotlib-3.5.2-cp38-cp38-macosx_10_9_universal2.whl", hash = "sha256:ebc27ad11df3c1661f4677a7762e57a8a91dd41b466c3605e90717c9a5f90c82"},
    {file = "matplotlib-3.5.2-cp38-cp38-macosx_10_9_x86_64.whl", hash = "sha256:5a32ea6e12e80dedaca2d4795d9ed40f97bfa56e6011e14f31502fdd528b9c89"},
    {file = "matplotlib-3.5.2-cp38-cp38-macosx_11_0_arm64.whl", hash = "sha256:2a0967d4156adbd0d46db06bc1a877f0370bce28d10206a5071f9ecd6dc60b79"},
    {file = "matplotlib-3.5.2-cp38-cp38-manylinux_2_17_aarch64.manylinux2014_aarch64.whl", hash = "sha256:e2b696699386766ef171a259d72b203a3c75d99d03ec383b97fc2054f52e15cf"},
    {file = "matplotlib-3.5.2-cp38-cp38-manylinux_2_5_i686.manylinux1_i686.whl", hash = "sha256:7f409716119fa39b03da3d9602bd9b41142fab7a0568758cd136cd80b1bf36c8"},
    {file = "matplotlib-3.5.2-cp38-cp38-manylinux_2_5_x86_64.manylinux1_x86_64.whl", hash = "sha256:b8d3f4e71e26307e8c120b72c16671d70c5cd08ae412355c11254aa8254fb87f"},
    {file = "matplotlib-3.5.2-cp38-cp38-win32.whl", hash = "sha256:b6c63cd01cad0ea8704f1fd586e9dc5777ccedcd42f63cbbaa3eae8dd41172a1"},
    {file = "matplotlib-3.5.2-cp38-cp38-win_amd64.whl", hash = "sha256:75c406c527a3aa07638689586343f4b344fcc7ab1f79c396699eb550cd2b91f7"},
    {file = "matplotlib-3.5.2-cp39-cp39-macosx_10_9_universal2.whl", hash = "sha256:4a44cdfdb9d1b2f18b1e7d315eb3843abb097869cd1ef89cfce6a488cd1b5182"},
    {file = "matplotlib-3.5.2-cp39-cp39-macosx_10_9_x86_64.whl", hash = "sha256:3d8e129af95b156b41cb3be0d9a7512cc6d73e2b2109f82108f566dbabdbf377"},
    {file = "matplotlib-3.5.2-cp39-cp39-macosx_11_0_arm64.whl", hash = "sha256:364e6bca34edc10a96aa3b1d7cd76eb2eea19a4097198c1b19e89bee47ed5781"},
    {file = "matplotlib-3.5.2-cp39-cp39-manylinux_2_17_aarch64.manylinux2014_aarch64.whl", hash = "sha256:ea75df8e567743207e2b479ba3d8843537be1c146d4b1e3e395319a4e1a77fe9"},
    {file = "matplotlib-3.5.2-cp39-cp39-manylinux_2_5_i686.manylinux1_i686.whl", hash = "sha256:44c6436868186564450df8fd2fc20ed9daaef5caad699aa04069e87099f9b5a8"},
    {file = "matplotlib-3.5.2-cp39-cp39-manylinux_2_5_x86_64.manylinux1_x86_64.whl", hash = "sha256:7d7705022df2c42bb02937a2a824f4ec3cca915700dd80dc23916af47ff05f1a"},
    {file = "matplotlib-3.5.2-cp39-cp39-win32.whl", hash = "sha256:ee0b8e586ac07f83bb2950717e66cb305e2859baf6f00a9c39cc576e0ce9629c"},
    {file = "matplotlib-3.5.2-cp39-cp39-win_amd64.whl", hash = "sha256:c772264631e5ae61f0bd41313bbe48e1b9bcc95b974033e1118c9caa1a84d5c6"},
    {file = "matplotlib-3.5.2-pp37-pypy37_pp73-macosx_10_9_x86_64.whl", hash = "sha256:751d3815b555dcd6187ad35b21736dc12ce6925fc3fa363bbc6dc0f86f16484f"},
    {file = "matplotlib-3.5.2-pp37-pypy37_pp73-manylinux_2_12_i686.manylinux2010_i686.whl", hash = "sha256:31fbc2af27ebb820763f077ec7adc79b5a031c2f3f7af446bd7909674cd59460"},
    {file = "matplotlib-3.5.2-pp37-pypy37_pp73-manylinux_2_12_x86_64.manylinux2010_x86_64.whl", hash = "sha256:4fa28ca76ac5c2b2d54bc058b3dad8e22ee85d26d1ee1b116a6fd4d2277b6a04"},
    {file = "matplotlib-3.5.2-pp37-pypy37_pp73-win_amd64.whl", hash = "sha256:24173c23d1bcbaed5bf47b8785d27933a1ac26a5d772200a0f3e0e38f471b001"},
    {file = "matplotlib-3.5.2.tar.gz", hash = "sha256:48cf850ce14fa18067f2d9e0d646763681948487a8080ec0af2686468b4607a2"},
]
"networkx 2.8.2" = [
    {file = "networkx-2.8.2-py3-none-any.whl", hash = "sha256:51d6ae63c24dcd33901357688a2ad20d6bcd38f9a4c5307720048d3a8081059c"},
    {file = "networkx-2.8.2.tar.gz", hash = "sha256:ae99c9b0d35e5b4a62cf1cfea01e5b3633d8d02f4a0ead69685b6e7de5b85eab"},
]
"numba 0.56.0.dev0+418.g637a75023" = [
    {file = "numba-0.56.0.dev0+418.g637a75023-cp310-cp310-macosx_11_0_arm64.whl", hash = "sha256:6202e5e0169ccb3094a19dec8a7162791c152fa235b68e9c72423956a5640527"},
    {file = "numba-0.56.0.dev0+418.g637a75023-cp38-cp38-macosx_11_0_arm64.whl", hash = "sha256:b4f7e2870a880d49fba9d9d90ad34a5775dd4f5e27e042e38a306bdd415ef9bc"},
    {file = "numba-0.56.0.dev0+418.g637a75023-cp39-cp39-macosx_11_0_arm64.whl", hash = "sha256:25b3895e739df04bdf5471a278dc14a4db26c016289c2b8216e4ba19694ab261"},
]
"numba-progress 0.0.2" = [
    {file = "numba_progress-0.0.2-py3-none-any.whl", hash = "sha256:4c3ab348b707e93ea008330b533b65ab7c70e062874bc35622799086c81fcc15"},
    {file = "numba-progress-0.0.2.tar.gz", hash = "sha256:8deac10ed36383268fbb5c0974adb26eaf2063d4d879f762eb900927b0fc0f80"},
]
"numpy 1.21.6" = [
    {file = "numpy-1.21.6-cp310-cp310-macosx_10_9_universal2.whl", hash = "sha256:8737609c3bbdd48e380d463134a35ffad3b22dc56295eff6f79fd85bd0eeeb25"},
    {file = "numpy-1.21.6-cp310-cp310-macosx_10_9_x86_64.whl", hash = "sha256:fdffbfb6832cd0b300995a2b08b8f6fa9f6e856d562800fea9182316d99c4e8e"},
    {file = "numpy-1.21.6-cp310-cp310-macosx_11_0_arm64.whl", hash = "sha256:3820724272f9913b597ccd13a467cc492a0da6b05df26ea09e78b171a0bb9da6"},
    {file = "numpy-1.21.6-cp310-cp310-manylinux_2_17_aarch64.manylinux2014_aarch64.whl", hash = "sha256:f17e562de9edf691a42ddb1eb4a5541c20dd3f9e65b09ded2beb0799c0cf29bb"},
    {file = "numpy-1.21.6-cp310-cp310-manylinux_2_17_x86_64.manylinux2014_x86_64.whl", hash = "sha256:5f30427731561ce75d7048ac254dbe47a2ba576229250fb60f0fb74db96501a1"},
    {file = "numpy-1.21.6-cp310-cp310-win32.whl", hash = "sha256:d4bf4d43077db55589ffc9009c0ba0a94fa4908b9586d6ccce2e0b164c86303c"},
    {file = "numpy-1.21.6-cp310-cp310-win_amd64.whl", hash = "sha256:d136337ae3cc69aa5e447e78d8e1514be8c3ec9b54264e680cf0b4bd9011574f"},
    {file = "numpy-1.21.6-cp37-cp37m-macosx_10_9_x86_64.whl", hash = "sha256:6aaf96c7f8cebc220cdfc03f1d5a31952f027dda050e5a703a0d1c396075e3e7"},
    {file = "numpy-1.21.6-cp37-cp37m-manylinux_2_12_i686.manylinux2010_i686.whl", hash = "sha256:67c261d6c0a9981820c3a149d255a76918278a6b03b6a036800359aba1256d46"},
    {file = "numpy-1.21.6-cp37-cp37m-manylinux_2_12_x86_64.manylinux2010_x86_64.whl", hash = "sha256:a6be4cb0ef3b8c9250c19cc122267263093eee7edd4e3fa75395dfda8c17a8e2"},
    {file = "numpy-1.21.6-cp37-cp37m-manylinux_2_17_aarch64.manylinux2014_aarch64.whl", hash = "sha256:7c4068a8c44014b2d55f3c3f574c376b2494ca9cc73d2f1bd692382b6dffe3db"},
    {file = "numpy-1.21.6-cp37-cp37m-win32.whl", hash = "sha256:7c7e5fa88d9ff656e067876e4736379cc962d185d5cd808014a8a928d529ef4e"},
    {file = "numpy-1.21.6-cp37-cp37m-win_amd64.whl", hash = "sha256:bcb238c9c96c00d3085b264e5c1a1207672577b93fa666c3b14a45240b14123a"},
    {file = "numpy-1.21.6-cp38-cp38-macosx_10_9_universal2.whl", hash = "sha256:82691fda7c3f77c90e62da69ae60b5ac08e87e775b09813559f8901a88266552"},
    {file = "numpy-1.21.6-cp38-cp38-macosx_10_9_x86_64.whl", hash = "sha256:643843bcc1c50526b3a71cd2ee561cf0d8773f062c8cbaf9ffac9fdf573f83ab"},
    {file = "numpy-1.21.6-cp38-cp38-macosx_11_0_arm64.whl", hash = "sha256:357768c2e4451ac241465157a3e929b265dfac85d9214074985b1786244f2ef3"},
    {file = "numpy-1.21.6-cp38-cp38-manylinux_2_12_i686.manylinux2010_i686.whl", hash = "sha256:9f411b2c3f3d76bba0865b35a425157c5dcf54937f82bbeb3d3c180789dd66a6"},
    {file = "numpy-1.21.6-cp38-cp38-manylinux_2_12_x86_64.manylinux2010_x86_64.whl", hash = "sha256:4aa48afdce4660b0076a00d80afa54e8a97cd49f457d68a4342d188a09451c1a"},
    {file = "numpy-1.21.6-cp38-cp38-manylinux_2_17_aarch64.manylinux2014_aarch64.whl", hash = "sha256:d6a96eef20f639e6a97d23e57dd0c1b1069a7b4fd7027482a4c5c451cd7732f4"},
    {file = "numpy-1.21.6-cp38-cp38-win32.whl", hash = "sha256:5c3c8def4230e1b959671eb959083661b4a0d2e9af93ee339c7dada6759a9470"},
    {file = "numpy-1.21.6-cp38-cp38-win_amd64.whl", hash = "sha256:bf2ec4b75d0e9356edea834d1de42b31fe11f726a81dfb2c2112bc1eaa508fcf"},
    {file = "numpy-1.21.6-cp39-cp39-macosx_10_9_universal2.whl", hash = "sha256:4391bd07606be175aafd267ef9bea87cf1b8210c787666ce82073b05f202add1"},
    {file = "numpy-1.21.6-cp39-cp39-macosx_10_9_x86_64.whl", hash = "sha256:67f21981ba2f9d7ba9ade60c9e8cbaa8cf8e9ae51673934480e45cf55e953673"},
    {file = "numpy-1.21.6-cp39-cp39-macosx_11_0_arm64.whl", hash = "sha256:ee5ec40fdd06d62fe5d4084bef4fd50fd4bb6bfd2bf519365f569dc470163ab0"},
    {file = "numpy-1.21.6-cp39-cp39-manylinux_2_12_i686.manylinux2010_i686.whl", hash = "sha256:1dbe1c91269f880e364526649a52eff93ac30035507ae980d2fed33aaee633ac"},
    {file = "numpy-1.21.6-cp39-cp39-manylinux_2_12_x86_64.manylinux2010_x86_64.whl", hash = "sha256:d9caa9d5e682102453d96a0ee10c7241b72859b01a941a397fd965f23b3e016b"},
    {file = "numpy-1.21.6-cp39-cp39-manylinux_2_17_aarch64.manylinux2014_aarch64.whl", hash = "sha256:58459d3bad03343ac4b1b42ed14d571b8743dc80ccbf27444f266729df1d6f5b"},
    {file = "numpy-1.21.6-cp39-cp39-win32.whl", hash = "sha256:7f5ae4f304257569ef3b948810816bc87c9146e8c446053539947eedeaa32786"},
    {file = "numpy-1.21.6-cp39-cp39-win_amd64.whl", hash = "sha256:e31f0bb5928b793169b87e3d1e070f2342b22d5245c755e2b81caa29756246c3"},
    {file = "numpy-1.21.6-pp37-pypy37_pp73-manylinux_2_12_x86_64.manylinux2010_x86_64.whl", hash = "sha256:dd1c8f6bd65d07d3810b90d02eba7997e32abbdf1277a481d698969e921a3be0"},
    {file = "numpy-1.21.6.zip", hash = "sha256:ecb55251139706669fdec2ff073c98ef8e9a84473e51e716211b41aa0f18e656"},
]
"packaging 21.3" = [
    {file = "packaging-21.3-py3-none-any.whl", hash = "sha256:ef103e05f519cdc783ae24ea4e2e0f508a9c99b2d4969652eed6a2e1ea5bd522"},
    {file = "packaging-21.3.tar.gz", hash = "sha256:dd47c42927d89ab911e606518907cc2d3a1f38bbd026385970643f9c5b8ecfeb"},
]
"pillow 9.1.1" = [
    {file = "Pillow-9.1.1-cp310-cp310-macosx_10_10_x86_64.whl", hash = "sha256:42dfefbef90eb67c10c45a73a9bc1599d4dac920f7dfcbf4ec6b80cb620757fe"},
    {file = "Pillow-9.1.1-cp310-cp310-macosx_11_0_arm64.whl", hash = "sha256:ffde4c6fabb52891d81606411cbfaf77756e3b561b566efd270b3ed3791fde4e"},
    {file = "Pillow-9.1.1-cp310-cp310-manylinux_2_17_aarch64.manylinux2014_aarch64.whl", hash = "sha256:9c857532c719fb30fafabd2371ce9b7031812ff3889d75273827633bca0c4602"},
    {file = "Pillow-9.1.1-cp310-cp310-manylinux_2_17_i686.manylinux2014_i686.whl", hash = "sha256:59789a7d06c742e9d13b883d5e3569188c16acb02eeed2510fd3bfdbc1bd1530"},
    {file = "Pillow-9.1.1-cp310-cp310-manylinux_2_17_x86_64.manylinux2014_x86_64.whl", hash = "sha256:4d45dbe4b21a9679c3e8b3f7f4f42a45a7d3ddff8a4a16109dff0e1da30a35b2"},
    {file = "Pillow-9.1.1-cp310-cp310-musllinux_1_1_x86_64.whl", hash = "sha256:e9ed59d1b6ee837f4515b9584f3d26cf0388b742a11ecdae0d9237a94505d03a"},
    {file = "Pillow-9.1.1-cp310-cp310-win32.whl", hash = "sha256:b3fe2ff1e1715d4475d7e2c3e8dabd7c025f4410f79513b4ff2de3d51ce0fa9c"},
    {file = "Pillow-9.1.1-cp310-cp310-win_amd64.whl", hash = "sha256:5b650dbbc0969a4e226d98a0b440c2f07a850896aed9266b6fedc0f7e7834108"},
    {file = "Pillow-9.1.1-cp37-cp37m-macosx_10_10_x86_64.whl", hash = "sha256:0b4d5ad2cd3a1f0d1df882d926b37dbb2ab6c823ae21d041b46910c8f8cd844b"},
    {file = "Pillow-9.1.1-cp37-cp37m-manylinux_2_17_aarch64.manylinux2014_aarch64.whl", hash = "sha256:9370d6744d379f2de5d7fa95cdbd3a4d92f0b0ef29609b4b1687f16bc197063d"},
    {file = "Pillow-9.1.1-cp37-cp37m-manylinux_2_17_i686.manylinux2014_i686.whl", hash = "sha256:b761727ed7d593e49671d1827044b942dd2f4caae6e51bab144d4accf8244a84"},
    {file = "Pillow-9.1.1-cp37-cp37m-manylinux_2_17_x86_64.manylinux2014_x86_64.whl", hash = "sha256:8a66fe50386162df2da701b3722781cbe90ce043e7d53c1fd6bd801bca6b48d4"},
    {file = "Pillow-9.1.1-cp37-cp37m-win32.whl", hash = "sha256:2b291cab8a888658d72b575a03e340509b6b050b62db1f5539dd5cd18fd50578"},
    {file = "Pillow-9.1.1-cp37-cp37m-win_amd64.whl", hash = "sha256:1d4331aeb12f6b3791911a6da82de72257a99ad99726ed6b63f481c0184b6fb9"},
    {file = "Pillow-9.1.1-cp38-cp38-macosx_10_10_x86_64.whl", hash = "sha256:8844217cdf66eabe39567118f229e275f0727e9195635a15e0e4b9227458daaf"},
    {file = "Pillow-9.1.1-cp38-cp38-macosx_11_0_arm64.whl", hash = "sha256:b6617221ff08fbd3b7a811950b5c3f9367f6e941b86259843eab77c8e3d2b56b"},
    {file = "Pillow-9.1.1-cp38-cp38-manylinux_2_17_aarch64.manylinux2014_aarch64.whl", hash = "sha256:20d514c989fa28e73a5adbddd7a171afa5824710d0ab06d4e1234195d2a2e546"},
    {file = "Pillow-9.1.1-cp38-cp38-manylinux_2_17_i686.manylinux2014_i686.whl", hash = "sha256:088df396b047477dd1bbc7de6e22f58400dae2f21310d9e2ec2933b2ef7dfa4f"},
    {file = "Pillow-9.1.1-cp38-cp38-manylinux_2_17_x86_64.manylinux2014_x86_64.whl", hash = "sha256:53c27bd452e0f1bc4bfed07ceb235663a1df7c74df08e37fd6b03eb89454946a"},
    {file = "Pillow-9.1.1-cp38-cp38-musllinux_1_1_x86_64.whl", hash = "sha256:3f6c1716c473ebd1649663bf3b42702d0d53e27af8b64642be0dd3598c761fb1"},
    {file = "Pillow-9.1.1-cp38-cp38-win32.whl", hash = "sha256:c67db410508b9de9c4694c57ed754b65a460e4812126e87f5052ecf23a011a54"},
    {file = "Pillow-9.1.1-cp38-cp38-win_amd64.whl", hash = "sha256:f054b020c4d7e9786ae0404278ea318768eb123403b18453e28e47cdb7a0a4bf"},
    {file = "Pillow-9.1.1-cp39-cp39-macosx_10_10_x86_64.whl", hash = "sha256:c17770a62a71718a74b7548098a74cd6880be16bcfff5f937f900ead90ca8e92"},
    {file = "Pillow-9.1.1-cp39-cp39-macosx_11_0_arm64.whl", hash = "sha256:f3f6a6034140e9e17e9abc175fc7a266a6e63652028e157750bd98e804a8ed9a"},
    {file = "Pillow-9.1.1-cp39-cp39-manylinux_2_17_aarch64.manylinux2014_aarch64.whl", hash = "sha256:f372d0f08eff1475ef426344efe42493f71f377ec52237bf153c5713de987251"},
    {file = "Pillow-9.1.1-cp39-cp39-manylinux_2_17_i686.manylinux2014_i686.whl", hash = "sha256:09e67ef6e430f90caa093528bd758b0616f8165e57ed8d8ce014ae32df6a831d"},
    {file = "Pillow-9.1.1-cp39-cp39-manylinux_2_17_x86_64.manylinux2014_x86_64.whl", hash = "sha256:66daa16952d5bf0c9d5389c5e9df562922a59bd16d77e2a276e575d32e38afd1"},
    {file = "Pillow-9.1.1-cp39-cp39-musllinux_1_1_x86_64.whl", hash = "sha256:d78ca526a559fb84faaaf84da2dd4addef5edb109db8b81677c0bb1aad342601"},
    {file = "Pillow-9.1.1-cp39-cp39-win32.whl", hash = "sha256:55e74faf8359ddda43fee01bffbc5bd99d96ea508d8a08c527099e84eb708f45"},
    {file = "Pillow-9.1.1-cp39-cp39-win_amd64.whl", hash = "sha256:7c150dbbb4a94ea4825d1e5f2c5501af7141ea95825fadd7829f9b11c97aaf6c"},
    {file = "Pillow-9.1.1-pp37-pypy37_pp73-macosx_10_10_x86_64.whl", hash = "sha256:769a7f131a2f43752455cc72f9f7a093c3ff3856bf976c5fb53a59d0ccc704f6"},
    {file = "Pillow-9.1.1-pp37-pypy37_pp73-manylinux_2_17_i686.manylinux2014_i686.whl", hash = "sha256:488f3383cf5159907d48d32957ac6f9ea85ccdcc296c14eca1a4e396ecc32098"},
    {file = "Pillow-9.1.1-pp37-pypy37_pp73-manylinux_2_17_x86_64.manylinux2014_x86_64.whl", hash = "sha256:0b525a356680022b0af53385944026d3486fc8c013638cf9900eb87c866afb4c"},
    {file = "Pillow-9.1.1-pp38-pypy38_pp73-macosx_10_10_x86_64.whl", hash = "sha256:6e760cf01259a1c0a50f3c845f9cad1af30577fd8b670339b1659c6d0e7a41dd"},
    {file = "Pillow-9.1.1-pp38-pypy38_pp73-manylinux_2_17_i686.manylinux2014_i686.whl", hash = "sha256:a4165205a13b16a29e1ac57efeee6be2dfd5b5408122d59ef2145bc3239fa340"},
    {file = "Pillow-9.1.1-pp38-pypy38_pp73-manylinux_2_17_x86_64.manylinux2014_x86_64.whl", hash = "sha256:937a54e5694684f74dcbf6e24cc453bfc5b33940216ddd8f4cd8f0f79167f765"},
    {file = "Pillow-9.1.1-pp38-pypy38_pp73-win_amd64.whl", hash = "sha256:baf3be0b9446a4083cc0c5bb9f9c964034be5374b5bc09757be89f5d2fa247b8"},
    {file = "Pillow-9.1.1.tar.gz", hash = "sha256:7502539939b53d7565f3d11d87c78e7ec900d3c72945d4ee0e2f250d598309a0"},
]
"pyparsing 3.0.9" = [
    {file = "pyparsing-3.0.9-py3-none-any.whl", hash = "sha256:5026bae9a10eeaefb61dab2f09052b9f4307d44aee4eda64b309723d8d206bbc"},
    {file = "pyparsing-3.0.9.tar.gz", hash = "sha256:2b020ecf7d21b687f219b71ecad3631f644a47f01403fa1d1036b0c6416d70fb"},
]
"pyproj 3.3.1" = [
    {file = "pyproj-3.3.1-cp310-cp310-macosx_10_9_x86_64.whl", hash = "sha256:473961faef7a9fd723c5d432f65220ea6ab3854e606bf84b4d409a75a4261c78"},
    {file = "pyproj-3.3.1-cp310-cp310-manylinux_2_17_aarch64.manylinux2014_aarch64.whl", hash = "sha256:2fef9c1e339f25c57f6ae0558b5ab1bbdf7994529a30d8d7504fc6302ea51c03"},
    {file = "pyproj-3.3.1-cp310-cp310-manylinux_2_17_i686.manylinux2014_i686.whl", hash = "sha256:140fa649fedd04f680a39f8ad339799a55cb1c49f6a84e1b32b97e49646647aa"},
    {file = "pyproj-3.3.1-cp310-cp310-manylinux_2_17_x86_64.manylinux2014_x86_64.whl", hash = "sha256:b59c08aea13ee428cf8a919212d55c036cc94784805ed77c8f31a4d1f541058c"},
    {file = "pyproj-3.3.1-cp310-cp310-win32.whl", hash = "sha256:1adc9ccd1bf04998493b6a2e87e60656c75ab790653b36cfe351e9ef214828ed"},
    {file = "pyproj-3.3.1-cp310-cp310-win_amd64.whl", hash = "sha256:42eea10afc750fccd1c5c4ba56de29ab791ab4d83c1f7db72705566282ac5396"},
    {file = "pyproj-3.3.1-cp38-cp38-macosx_10_9_x86_64.whl", hash = "sha256:531ea36519fa7b581466d4b6ab32f66ae4dadd9499d726352f71ee5e19c3d1c5"},
    {file = "pyproj-3.3.1-cp38-cp38-manylinux_2_17_aarch64.manylinux2014_aarch64.whl", hash = "sha256:67025e37598a6bbed2c9c6c9e4c911f6dd39315d3e1148ead935a5c4d64309d5"},
    {file = "pyproj-3.3.1-cp38-cp38-manylinux_2_17_i686.manylinux2014_i686.whl", hash = "sha256:aed1a3c0cd4182425f91b48d5db39f459bc2fe0d88017ead6425a1bc85faee33"},
    {file = "pyproj-3.3.1-cp38-cp38-manylinux_2_17_x86_64.manylinux2014_x86_64.whl", hash = "sha256:3cc4771403db54494e1e55bca8e6d33cde322f8cf0ed39f1557ff109c66d2cd1"},
    {file = "pyproj-3.3.1-cp38-cp38-win32.whl", hash = "sha256:c99f7b5757a28040a2dd4a28c9805fdf13eef79a796f4a566ab5cb362d10630d"},
    {file = "pyproj-3.3.1-cp38-cp38-win_amd64.whl", hash = "sha256:5dac03d4338a4c8bd0f69144c527474f517b4cbd7d2d8c532cd8937799723248"},
    {file = "pyproj-3.3.1-cp39-cp39-macosx_10_9_x86_64.whl", hash = "sha256:56b0f9ee2c5b2520b18db30a393a7b86130cf527ddbb8c96e7f3c837474a9d79"},
    {file = "pyproj-3.3.1-cp39-cp39-manylinux_2_17_aarch64.manylinux2014_aarch64.whl", hash = "sha256:5f92d8f6514516124abb714dce912b20867831162cfff9fae2678ef07b6fcf0f"},
    {file = "pyproj-3.3.1-cp39-cp39-manylinux_2_17_i686.manylinux2014_i686.whl", hash = "sha256:1ef1bfbe2dcc558c7a98e2f1836abdcd630390f3160724a6f4f5c818b2be0ad5"},
    {file = "pyproj-3.3.1-cp39-cp39-manylinux_2_17_x86_64.manylinux2014_x86_64.whl", hash = "sha256:5ca5f32b56210429b367ca4f9a57ffe67975c487af82e179a24370879a3daf68"},
    {file = "pyproj-3.3.1-cp39-cp39-win32.whl", hash = "sha256:aba199704c824fb84ab64927e7bc9ef71e603e483130ec0f7e09e97259b8f61f"},
    {file = "pyproj-3.3.1-cp39-cp39-win_amd64.whl", hash = "sha256:120d45ed73144c65e9677dc73ba8a531c495d179dd9f9f0471ac5acc02d7ac4b"},
    {file = "pyproj-3.3.1-pp38-pypy38_pp73-macosx_10_9_x86_64.whl", hash = "sha256:52efb681647dfac185cc655a709bc0caaf910031a0390f816f5fc8ce150cbedc"},
    {file = "pyproj-3.3.1-pp38-pypy38_pp73-manylinux_2_17_i686.manylinux2014_i686.whl", hash = "sha256:5ab0d6e38fda7c13726afacaf62e9f9dd858089d67910471758afd9cb24e0ecd"},
    {file = "pyproj-3.3.1-pp38-pypy38_pp73-manylinux_2_17_x86_64.manylinux2014_x86_64.whl", hash = "sha256:45487942c19c5a8b09c91964ea3201f4e094518e34743cae373889a36e3d9260"},
    {file = "pyproj-3.3.1-pp38-pypy38_pp73-win_amd64.whl", hash = "sha256:797ad5655d484feac14b0fbb4a4efeaac0cf780a223046e2465494c767fd1c3b"},
    {file = "pyproj-3.3.1.tar.gz", hash = "sha256:b3d8e14d91cc95fb3dbc03a9d0588ac58326803eefa5bbb0978d109de3304fbe"},
]
"python-dateutil 2.8.2" = [
    {file = "python_dateutil-2.8.2-py2.py3-none-any.whl", hash = "sha256:961d03dc3453ebbc59dbdea9e4e11c5651520a876d0f4db161e8674aae935da9"},
    {file = "python-dateutil-2.8.2.tar.gz", hash = "sha256:0123cacc1627ae19ddf3c27a5de5bd67ee4586fbdd6440d9748f8abb483d3e86"},
]
"requests 2.27.1" = [
    {file = "requests-2.27.1-py2.py3-none-any.whl", hash = "sha256:f22fa1e554c9ddfd16e6e41ac79759e17be9e492b3587efa038054674760e72d"},
    {file = "requests-2.27.1.tar.gz", hash = "sha256:68d7c56fd5a8999887728ef304a6d12edc7be74f1cfa47714fc8b414525c9a61"},
]
"scikit-learn 1.1.1" = [
    {file = "scikit_learn-1.1.1-cp310-cp310-macosx_10_13_x86_64.whl", hash = "sha256:102f51797cd8944bf44a038d106848ddf2804f2c1edf7aea45fba81a4fdc4d80"},
    {file = "scikit_learn-1.1.1-cp310-cp310-macosx_12_0_arm64.whl", hash = "sha256:723cdb278b1fa57a55f68945bc4e501a2f12abe82f76e8d21e1806cbdbef6fc5"},
    {file = "scikit_learn-1.1.1-cp310-cp310-manylinux_2_17_aarch64.manylinux2014_aarch64.whl", hash = "sha256:33cf061ed0b79d647a3e4c3f6c52c412172836718a7cd4d11c1318d083300133"},
    {file = "scikit_learn-1.1.1-cp310-cp310-manylinux_2_17_x86_64.manylinux2014_x86_64.whl", hash = "sha256:47464c110eaa9ed9d1fe108cb403510878c3d3a40f110618d2a19b2190a3e35c"},
    {file = "scikit_learn-1.1.1-cp310-cp310-win_amd64.whl", hash = "sha256:542ccd2592fe7ad31f5c85fed3a3deb3e252383960a85e4b49a629353fffaba4"},
    {file = "scikit_learn-1.1.1-cp38-cp38-macosx_10_13_x86_64.whl", hash = "sha256:3be10d8d325821ca366d4fe7083d87c40768f842f54371a9c908d97c45da16fc"},
    {file = "scikit_learn-1.1.1-cp38-cp38-macosx_12_0_arm64.whl", hash = "sha256:b2db720e13e697d912a87c1a51194e6fb085dc6d8323caa5ca51369ca6948f78"},
    {file = "scikit_learn-1.1.1-cp38-cp38-manylinux_2_17_aarch64.manylinux2014_aarch64.whl", hash = "sha256:e851f8874398dcd50d1e174e810e9331563d189356e945b3271c0e19ee6f4d6f"},
    {file = "scikit_learn-1.1.1-cp38-cp38-manylinux_2_17_x86_64.manylinux2014_x86_64.whl", hash = "sha256:b928869072366dc138762fe0929e7dc88413f8a469aebc6a64adc10a9226180c"},
    {file = "scikit_learn-1.1.1-cp38-cp38-win32.whl", hash = "sha256:e9d228ced1214d67904f26fb820c8abbea12b2889cd4aa8cda20a4ca0ed781c1"},
    {file = "scikit_learn-1.1.1-cp38-cp38-win_amd64.whl", hash = "sha256:f2d5b5d6e87d482e17696a7bfa03fe9515fdfe27e462a4ad37f3d7774a5e2fd6"},
    {file = "scikit_learn-1.1.1-cp39-cp39-macosx_10_13_x86_64.whl", hash = "sha256:0403ad13f283e27d43b0ad875f187ec7f5d964903d92d1ed06c51439560ecea0"},
    {file = "scikit_learn-1.1.1-cp39-cp39-macosx_12_0_arm64.whl", hash = "sha256:8fe80df08f5b9cee5dd008eccc672e543976198d790c07e5337f7dfb67eaac05"},
    {file = "scikit_learn-1.1.1-cp39-cp39-manylinux_2_17_aarch64.manylinux2014_aarch64.whl", hash = "sha256:8ff56d07b9507fbe07ca0f4e5c8f3e171f74a429f998da03e308166251316b34"},
    {file = "scikit_learn-1.1.1-cp39-cp39-manylinux_2_17_x86_64.manylinux2014_x86_64.whl", hash = "sha256:c2dad2bfc502344b869d4a3f4aa7271b2a5f4fe41f7328f404844c51612e2c58"},
    {file = "scikit_learn-1.1.1-cp39-cp39-win32.whl", hash = "sha256:22145b60fef02e597a8e7f061ebc7c51739215f11ce7fcd2ca9af22c31aa9f86"},
    {file = "scikit_learn-1.1.1-cp39-cp39-win_amd64.whl", hash = "sha256:45c0f6ae523353f1d99b85469d746f9c497410adff5ba8b24423705b6956a86e"},
    {file = "scikit-learn-1.1.1.tar.gz", hash = "sha256:3e77b71e8e644f86c8b5be7f1c285ef597de4c384961389ee3e9ca36c445b256"},
]
"scipy 1.8.1" = [
    {file = "scipy-1.8.1-cp310-cp310-macosx_10_9_x86_64.whl", hash = "sha256:65b77f20202599c51eb2771d11a6b899b97989159b7975e9b5259594f1d35ef4"},
    {file = "scipy-1.8.1-cp310-cp310-macosx_12_0_arm64.whl", hash = "sha256:e013aed00ed776d790be4cb32826adb72799c61e318676172495383ba4570aa4"},
    {file = "scipy-1.8.1-cp310-cp310-macosx_12_0_universal2.macosx_10_9_x86_64.whl", hash = "sha256:02b567e722d62bddd4ac253dafb01ce7ed8742cf8031aea030a41414b86c1125"},
    {file = "scipy-1.8.1-cp310-cp310-manylinux_2_17_aarch64.manylinux2014_aarch64.whl", hash = "sha256:1da52b45ce1a24a4a22db6c157c38b39885a990a566748fc904ec9f03ed8c6ba"},
    {file = "scipy-1.8.1-cp310-cp310-manylinux_2_17_x86_64.manylinux2014_x86_64.whl", hash = "sha256:a0aa8220b89b2e3748a2836fbfa116194378910f1a6e78e4675a095bcd2c762d"},
    {file = "scipy-1.8.1-cp310-cp310-win_amd64.whl", hash = "sha256:4e53a55f6a4f22de01ffe1d2f016e30adedb67a699a310cdcac312806807ca81"},
    {file = "scipy-1.8.1-cp38-cp38-macosx_10_9_x86_64.whl", hash = "sha256:28d2cab0c6ac5aa131cc5071a3a1d8e1366dad82288d9ec2ca44df78fb50e649"},
    {file = "scipy-1.8.1-cp38-cp38-macosx_12_0_arm64.whl", hash = "sha256:6311e3ae9cc75f77c33076cb2794fb0606f14c8f1b1c9ff8ce6005ba2c283621"},
    {file = "scipy-1.8.1-cp38-cp38-macosx_12_0_universal2.macosx_10_9_x86_64.whl", hash = "sha256:3b69b90c9419884efeffaac2c38376d6ef566e6e730a231e15722b0ab58f0328"},
    {file = "scipy-1.8.1-cp38-cp38-manylinux_2_12_i686.manylinux2010_i686.whl", hash = "sha256:6cc6b33139eb63f30725d5f7fa175763dc2df6a8f38ddf8df971f7c345b652dc"},
    {file = "scipy-1.8.1-cp38-cp38-manylinux_2_17_aarch64.manylinux2014_aarch64.whl", hash = "sha256:9c4e3ae8a716c8b3151e16c05edb1daf4cb4d866caa385e861556aff41300c14"},
    {file = "scipy-1.8.1-cp38-cp38-manylinux_2_17_x86_64.manylinux2014_x86_64.whl", hash = "sha256:23b22fbeef3807966ea42d8163322366dd89da9bebdc075da7034cee3a1441ca"},
    {file = "scipy-1.8.1-cp38-cp38-win32.whl", hash = "sha256:4b93ec6f4c3c4d041b26b5f179a6aab8f5045423117ae7a45ba9710301d7e462"},
    {file = "scipy-1.8.1-cp38-cp38-win_amd64.whl", hash = "sha256:70ebc84134cf0c504ce6a5f12d6db92cb2a8a53a49437a6bb4edca0bc101f11c"},
    {file = "scipy-1.8.1-cp39-cp39-macosx_10_9_x86_64.whl", hash = "sha256:f3e7a8867f307e3359cc0ed2c63b61a1e33a19080f92fe377bc7d49f646f2ec1"},
    {file = "scipy-1.8.1-cp39-cp39-macosx_12_0_arm64.whl", hash = "sha256:2ef0fbc8bcf102c1998c1f16f15befe7cffba90895d6e84861cd6c6a33fb54f6"},
    {file = "scipy-1.8.1-cp39-cp39-macosx_12_0_universal2.macosx_10_9_x86_64.whl", hash = "sha256:83606129247e7610b58d0e1e93d2c5133959e9cf93555d3c27e536892f1ba1f2"},
    {file = "scipy-1.8.1-cp39-cp39-manylinux_2_12_i686.manylinux2010_i686.whl", hash = "sha256:93d07494a8900d55492401917a119948ed330b8c3f1d700e0b904a578f10ead4"},
    {file = "scipy-1.8.1-cp39-cp39-manylinux_2_17_aarch64.manylinux2014_aarch64.whl", hash = "sha256:d3b3c8924252caaffc54d4a99f1360aeec001e61267595561089f8b5900821bb"},
    {file = "scipy-1.8.1-cp39-cp39-manylinux_2_17_x86_64.manylinux2014_x86_64.whl", hash = "sha256:70de2f11bf64ca9921fda018864c78af7147025e467ce9f4a11bc877266900a6"},
    {file = "scipy-1.8.1-cp39-cp39-win32.whl", hash = "sha256:1166514aa3bbf04cb5941027c6e294a000bba0cf00f5cdac6c77f2dad479b434"},
    {file = "scipy-1.8.1-cp39-cp39-win_amd64.whl", hash = "sha256:9dd4012ac599a1e7eb63c114d1eee1bcfc6dc75a29b589ff0ad0bb3d9412034f"},
    {file = "scipy-1.8.1.tar.gz", hash = "sha256:9e3fb1b0e896f14a85aa9a28d5f755daaeeb54c897b746df7a55ccb02b340f33"},
]
"setuptools 62.3.2" = [
    {file = "setuptools-62.3.2-py3-none-any.whl", hash = "sha256:68e45d17c9281ba25dc0104eadd2647172b3472d9e01f911efa57965e8d51a36"},
    {file = "setuptools-62.3.2.tar.gz", hash = "sha256:a43bdedf853c670e5fed28e5623403bad2f73cf02f9a2774e91def6bda8265a7"},
]
"shapely 1.8.2" = [
    {file = "Shapely-1.8.2-cp310-cp310-macosx_10_9_universal2.whl", hash = "sha256:7c9e3400b716c51ba43eea1678c28272580114e009b6c78cdd00c44df3e325fa"},
    {file = "Shapely-1.8.2-cp310-cp310-macosx_10_9_x86_64.whl", hash = "sha256:ce0b5c5f7acbccf98b3460eecaa40e9b18272b2a734f74fcddf1d7696e047e95"},
    {file = "Shapely-1.8.2-cp310-cp310-macosx_11_0_arm64.whl", hash = "sha256:3a40bf497b57a6625b83996aed10ce2233bca0e5471b8af771b186d681433ac5"},
    {file = "Shapely-1.8.2-cp310-cp310-manylinux_2_12_x86_64.manylinux2010_x86_64.whl", hash = "sha256:6bdc7728f1e5df430d8c588661f79f1eed4a2728c8b689e12707cfec217f68f8"},
    {file = "Shapely-1.8.2-cp310-cp310-manylinux_2_17_aarch64.manylinux2014_aarch64.whl", hash = "sha256:a60861b5ca2c488ebcdc706eca94d325c26d1567921c74acc83df5e6913590c7"},
    {file = "Shapely-1.8.2-cp310-cp310-win32.whl", hash = "sha256:840be3f27a1152851c54b968f2e12d718c9f13b7acd51c482e58a70f60f29e31"},
    {file = "Shapely-1.8.2-cp310-cp310-win_amd64.whl", hash = "sha256:c60f3758212ec480675b820b13035dda8af8f7cc560d2cc67999b2717fb8faef"},
    {file = "Shapely-1.8.2-cp36-cp36m-macosx_10_9_x86_64.whl", hash = "sha256:56413f7d32c70b63f239eb0865b24c0c61029e38757de456cc4ab3c416559a0b"},
    {file = "Shapely-1.8.2-cp36-cp36m-manylinux_2_12_i686.manylinux2010_i686.whl", hash = "sha256:256bdf8080bb7bb504d47b2c76919ecebab9708cc1b26266b3ec32b42448f642"},
    {file = "Shapely-1.8.2-cp36-cp36m-manylinux_2_12_x86_64.manylinux2010_x86_64.whl", hash = "sha256:c0a0d7752b145343838bd36ed09382d85f5befe426832d7384c5b051c147acbd"},
    {file = "Shapely-1.8.2-cp36-cp36m-win32.whl", hash = "sha256:62056e64b12b6d483d79f8e34bf058d2fe734d51c9227c1713705399434eff3b"},
    {file = "Shapely-1.8.2-cp36-cp36m-win_amd64.whl", hash = "sha256:8e3ed52a081da58eb4a885c157c594876633dbd4eb283f13ba5bf39c82322d76"},
    {file = "Shapely-1.8.2-cp37-cp37m-macosx_10_9_x86_64.whl", hash = "sha256:7c8eda45085ccdd7f9805ea4a93fdd5eb0b6039a61d5f0cefb960487e6dc17a1"},
    {file = "Shapely-1.8.2-cp37-cp37m-manylinux_2_12_i686.manylinux2010_i686.whl", hash = "sha256:beee3949ddf381735049cfa6532fb234d5d20a5be910c4f2fb7c7295fd7960e3"},
    {file = "Shapely-1.8.2-cp37-cp37m-manylinux_2_12_x86_64.manylinux2010_x86_64.whl", hash = "sha256:e07b0bd2a0e61a8afd4d1c1bd23f3550b711f01274ffb53de99358fd781eefd8"},
    {file = "Shapely-1.8.2-cp37-cp37m-win32.whl", hash = "sha256:78966332a89813b237de357a03f612fd451a871fe6e26c12b6b71645fe8eee39"},
    {file = "Shapely-1.8.2-cp37-cp37m-win_amd64.whl", hash = "sha256:8fe641f1f61b3d43dd61b5a85d2ef023e6e19bf8f204a5160a1cb1ec645cbc09"},
    {file = "Shapely-1.8.2-cp38-cp38-macosx_10_9_universal2.whl", hash = "sha256:cec89a5617c0137f4678282e983c3d63bf838fb00cdf318cc555b4d8409f7130"},
    {file = "Shapely-1.8.2-cp38-cp38-macosx_10_9_x86_64.whl", hash = "sha256:68c8e18dc9dc8a198c3addc8c9596f64137101f566f04b96ecfca0b214cb8b12"},
    {file = "Shapely-1.8.2-cp38-cp38-macosx_11_0_arm64.whl", hash = "sha256:f12695662c3ad1e6031b3de98f191963d0f09de6d1a4988acd907405644032ba"},
    {file = "Shapely-1.8.2-cp38-cp38-manylinux_2_12_i686.manylinux2010_i686.whl", hash = "sha256:15a856fbb588ad5d042784e00918c662902776452008c771ecba2ff615cd197a"},
    {file = "Shapely-1.8.2-cp38-cp38-manylinux_2_12_x86_64.manylinux2010_x86_64.whl", hash = "sha256:d74de394684d66e25e780b0359fda85be7766af85940fa2dfad728b1a815c71f"},
    {file = "Shapely-1.8.2-cp38-cp38-manylinux_2_17_aarch64.manylinux2014_aarch64.whl", hash = "sha256:d3f3fac625690f01f35af665649e993f15f924e740b5c0ac0376900655815521"},
    {file = "Shapely-1.8.2-cp38-cp38-win32.whl", hash = "sha256:1d95842cc6bbbeab673061b63e70b07be9a375c15a60f4098f8fbd29f43af1b4"},
    {file = "Shapely-1.8.2-cp38-cp38-win_amd64.whl", hash = "sha256:a58e1f362f2091743e5e13212f5d5d16251a4bb63dd0ed587c652d3be9620d3a"},
    {file = "Shapely-1.8.2-cp39-cp39-macosx_10_9_universal2.whl", hash = "sha256:5254240eefc44139ab0d128faf671635d8bdd9c23955ee063d4d6b8f20073ae0"},
    {file = "Shapely-1.8.2-cp39-cp39-macosx_10_9_x86_64.whl", hash = "sha256:75042e8039c79dd01f102bb288beace9dc2f49fc44a2dea875f9b697aa8cd30d"},
    {file = "Shapely-1.8.2-cp39-cp39-macosx_11_0_arm64.whl", hash = "sha256:0c0fd457ce477b1dced507a72f1e2084c9191bfcb8a1e09886990ebd02acf024"},
    {file = "Shapely-1.8.2-cp39-cp39-manylinux_2_12_i686.manylinux2010_i686.whl", hash = "sha256:6fcb28836ae93809de1dde73c03c9c24bab0ba2b2bf419ddb2aeb72c96d110e9"},
    {file = "Shapely-1.8.2-cp39-cp39-manylinux_2_12_x86_64.manylinux2010_x86_64.whl", hash = "sha256:44d2832c1b706bf43101fda92831a083467cc4b4923a7ed17319ab599c1025d8"},
    {file = "Shapely-1.8.2-cp39-cp39-manylinux_2_17_aarch64.manylinux2014_aarch64.whl", hash = "sha256:137f1369630408024a62ff79a437a5657e6c5b76b9cd352dde704b425acdb298"},
    {file = "Shapely-1.8.2-cp39-cp39-win32.whl", hash = "sha256:2e02da2e988e74d61f15c720f9f613fab51942aae2dfeacdcb78eadece00e1f3"},
    {file = "Shapely-1.8.2-cp39-cp39-win_amd64.whl", hash = "sha256:3423299254deec075e79fb7dc7909d702104e4167149de7f45510c3a6342eeea"},
    {file = "Shapely-1.8.2.tar.gz", hash = "sha256:572af9d5006fd5e3213e37ee548912b0341fb26724d6dc8a4e3950c10197ebb6"},
]
"six 1.16.0" = [
    {file = "six-1.16.0-py2.py3-none-any.whl", hash = "sha256:8abb2f1d86890a2dfb989f9a77cfcfd3e47c2a354b01111771326f8aa26e0254"},
    {file = "six-1.16.0.tar.gz", hash = "sha256:1e61c37477a1626458e36f7b1d82aa5c9b094fa4802892072e49de9c60c4c926"},
]
"threadpoolctl 3.1.0" = [
    {file = "threadpoolctl-3.1.0-py3-none-any.whl", hash = "sha256:8b99adda265feb6773280df41eece7b2e6561b772d21ffd52e372f999024907b"},
    {file = "threadpoolctl-3.1.0.tar.gz", hash = "sha256:a335baacfaa4400ae1f0d8e3a58d6674d2f8828e3716bb2802c44955ad391380"},
]
"tqdm 4.64.0" = [
    {file = "tqdm-4.64.0-py2.py3-none-any.whl", hash = "sha256:74a2cdefe14d11442cedf3ba4e21a3b84ff9a2dbdc6cfae2c34addb2a14a5ea6"},
    {file = "tqdm-4.64.0.tar.gz", hash = "sha256:40be55d30e200777a307a7585aee69e4eabb46b4ec6a4b4a5f2d9f11e7d5408d"},
]
"urllib3 1.26.9" = [
    {file = "urllib3-1.26.9-py2.py3-none-any.whl", hash = "sha256:44ece4d53fb1706f667c9bd1c648f5469a2ec925fcf3a776667042d645472c14"},
    {file = "urllib3-1.26.9.tar.gz", hash = "sha256:aabaf16477806a5e1dd19aa41f8c2b7950dd3c746362d7e3223dbe6de6ac448e"},
]
"utm 0.7.0" = [
    {file = "utm-0.7.0.tar.gz", hash = "sha256:3c9a3650e98bb6eecec535418d0dfd4db8f88c8ceaca112a0ff0787e116566e2"},
]
