# THIS IS AN AUTOGENERATED FILE. DO NOT EDIT THIS FILE DIRECTLY.
# yarn lockfile v1


vue-scroll@^2.1.13:
  version "2.1.13"
  resolved "https://registry.yarnpkg.com/vue-scroll/-/vue-scroll-2.1.13.tgz#43e29f43fd64d52ff2856877c2d0c5b0f6433188"
  integrity sha512-GQnDA1UcFSdmL2Gjo/3+0jlOwvRvSpdzl+q+vOtQsAjb+uQDo8UG1RKxyoQ1lkJCz5uM8OSqb/6+L3LBqInk2w==
