# THIS IS AN AUTOGENERATED FILE. DO NOT EDIT THIS FILE DIRECTLY.
# yarn lockfile v1


"@types/unist@^2.0.0":
  version "2.0.3"
  resolved "https://registry.yarnpkg.com/@types/unist/-/unist-2.0.3.tgz#9c088679876f374eb5983f150d4787aa6fb32d7e"
  integrity sha512-FvUupuM3rlRsRtCN+fDudtmytGO6iHJuuRKS1Ss0pG5z8oX0diNEw94UEL7hgDbpN94rgaK5R7sWm6RrSkZuAQ==

extend@^3.0.0:
  version "3.0.2"
  resolved "https://registry.yarnpkg.com/extend/-/extend-3.0.2.tgz#f8b1136b4071fbd8eb140aff858b1019ec2915fa"
  integrity sha512-fjquC59cD7CyW6urNXK0FBufkZcoiGG80wTuPujX590cB5Ttln20E2UB4S/WARVqhXffZl2LNgS+gQdPIIim/g==

remark-autolink-headings@^6.0.1:
  version "6.0.1"
  resolved "https://registry.yarnpkg.com/remark-autolink-headings/-/remark-autolink-headings-6.0.1.tgz#074470b8ec7714a0f06fa151e293152bf9723df9"
  integrity sha512-LTV5G5NMjypHEr14tMNJ36yrP+xwT7mejJelZOPXKiF5WvRH9o36zXnr2QGqfms2yVASNpDaC9NBOwKlJJKuQw==
  dependencies:
    extend "^3.0.0"
    unist-util-visit "^2.0.0"

unist-util-is@^4.0.0:
  version "4.0.4"
  resolved "https://registry.yarnpkg.com/unist-util-is/-/unist-util-is-4.0.4.tgz#3e9e8de6af2eb0039a59f50c9b3e99698a924f50"
  integrity sha512-3dF39j/u423v4BBQrk1AQ2Ve1FxY5W3JKwXxVFzBODQ6WEvccguhgp802qQLKSnxPODE6WuRZtV+ohlUg4meBA==

unist-util-visit-parents@^3.0.0:
  version "3.1.1"
  resolved "https://registry.yarnpkg.com/unist-util-visit-parents/-/unist-util-visit-parents-3.1.1.tgz#65a6ce698f78a6b0f56aa0e88f13801886cdaef6"
  integrity sha512-1KROIZWo6bcMrZEwiH2UrXDyalAa0uqzWCxCJj6lPOvTve2WkfgCytoDTPaMnodXh1WrXOq0haVYHj99ynJlsg==
  dependencies:
    "@types/unist" "^2.0.0"
    unist-util-is "^4.0.0"

unist-util-visit@^2.0.0:
  version "2.0.3"
  resolved "https://registry.yarnpkg.com/unist-util-visit/-/unist-util-visit-2.0.3.tgz#c3703893146df47203bb8a9795af47d7b971208c"
  integrity sha512-iJ4/RczbJMkD0712mGktuGpm/U4By4FfDonL7N/9tATGIF4imikjOuagyMY53tnZq3NP6BcmlrHhEKAfGWjh7Q==
  dependencies:
    "@types/unist" "^2.0.0"
    unist-util-is "^4.0.0"
    unist-util-visit-parents "^3.0.0"
